github.com/metametaclass/go.nut v0.0.0-20210605183111-b6cfee49b6d1 h1:LM6nMVd8ySkio+yl1KBlG4iSpM7NBbc4NFWLijpnZRE=
github.com/metametaclass/go.nut v0.0.0-20210605183111-b6cfee49b6d1/go.mod h1:7itspovTfnKMji921NJmPamjhquzeB3VppIXUt8mKNo=
github.com/metametaclass/go.nut v0.0.0-20210605184521-94a180022d52 h1:ozsmIn4eI84BhNmpdbMvCQrERMlYacHYLaamFa8Y8Po=
github.com/metametaclass/go.nut v0.0.0-20210605184521-94a180022d52/go.mod h1:7itspovTfnKMji921NJmPamjhquzeB3VppIXUt8mKNo=
github.com/metametaclass/go.nut v0.0.0-20210605213152-4fd747881225 h1:m8NKUxMA75IJ7yermqKkytnCcrpBCZ5rrYq249wneNk=
github.com/metametaclass/go.nut v0.0.0-20210605213152-4fd747881225/go.mod h1:7itspovTfnKMji921NJmPamjhquzeB3VppIXUt8mKNo=
